
Microsoft Visual Studio Solution File, Format Version 12.00
# Visual Studio 14
VisualStudioVersion = 14.0.23107.0
MinimumVisualStudioVersion = 10.0.40219.1
Project("{FAE04EC0-301F-11D3-BF4B-00C04F79EFBC}") = "01_AlanHesabi", "01_AlanHesabi\01_AlanHesabi.csproj", "{C1D66A38-DFB8-4560-A256-48A6DA2910AF}"
EndProject
Project("{2150E333-8FDC-42A3-9474-1A3956D46DE8}") = "Konu Anlatım", "Konu Anlatım", "{9B48A0C3-2383-4546-99AF-63A05DFA381C}"
EndProject
Project("{2150E333-8FDC-42A3-9474-1A3956D46DE8}") = "Uygulama", "Uygulama", "{3B0233E2-B2CF-4013-BD2B-9272EC044000}"
EndProject
Project("{FAE04EC0-301F-11D3-BF4B-00C04F79EFBC}") = "01_MathSınıfı", "01_MathSınıfı\01_MathSınıfı.csproj", "{22EB37B6-5E77-4C46-8CF7-EB4A1A2938E1}"
EndProject
Project("{FAE04EC0-301F-11D3-BF4B-00C04F79EFBC}") = "02_İsimBulmayaCalis", "02_İsimBulmayaCalis\02_İsimBulmayaCalis.csproj", "{50F91F26-3978-4A4B-8AED-302D24FF36CF}"
EndProject
Project("{FAE04EC0-301F-11D3-BF4B-00C04F79EFBC}") = "03_TahminEt", "03_TahminEt\03_TahminEt.csproj", "{DA156140-89C4-485F-AEEE-846659DA060F}"
EndProject
Project("{FAE04EC0-301F-11D3-BF4B-00C04F79EFBC}") = "02_RandomSAyiUretme", "02_RandomSAyiUretme\02_RandomSAyiUretme.csproj", "{F529DB50-2BEE-4081-8520-2A2D881E0451}"
EndProject
Project("{FAE04EC0-301F-11D3-BF4B-00C04F79EFBC}") = "04_Rastgele10AdetSayi", "04_Rastgele10AdetSayi\04_Rastgele10AdetSayi.csproj", "{6181E608-D228-40AE-8011-5E74F845CD56}"
EndProject
Project("{FAE04EC0-301F-11D3-BF4B-00C04F79EFBC}") = "05_SayiKadarAltAltaYazdir", "05_SayiKadarAltAltaYazdir\05_SayiKadarAltAltaYazdir.csproj", "{B5A22F57-425C-44B3-B953-FB0D575DA254}"
EndProject
Project("{FAE04EC0-301F-11D3-BF4B-00C04F79EFBC}") = "06_RastgeleRenklerleMetinYazma", "06_RastgeleRenklerleMetinYazma\06_RastgeleRenklerleMetinYazma.csproj", "{A2B200FD-9C53-4FC6-B16F-4646A98202C5}"
EndProject
Project("{FAE04EC0-301F-11D3-BF4B-00C04F79EFBC}") = "03_StringIcindekiCharaErisme", "03_StringIcindekiCharaErisme\03_StringIcindekiCharaErisme.csproj", "{FD885373-1C99-4C3B-9174-1F306DDA1F86}"
EndProject
Project("{FAE04EC0-301F-11D3-BF4B-00C04F79EFBC}") = "07_SayininKacinciKarakteri", "07_SayininKacinciKarakteri\07_SayininKacinciKarakteri.csproj", "{D0E6AA80-AE4F-4BD3-ABB8-31D0B8BB0E43}"
EndProject
Project("{FAE04EC0-301F-11D3-BF4B-00C04F79EFBC}") = "08_HarfHarfAltAlta", "08_HarfHarfAltAlta\08_HarfHarfAltAlta.csproj", "{F88B9C7D-E59A-4109-873E-C065CF456C28}"
EndProject
Project("{FAE04EC0-301F-11D3-BF4B-00C04F79EFBC}") = "09_AEBoslukHaric", "09_AEBoslukHaric\09_AEBoslukHaric.csproj", "{453F77BB-ABD2-409F-AD1F-A98341F27C09}"
EndProject
Global
	GlobalSection(SolutionConfigurationPlatforms) = preSolution
		Debug|Any CPU = Debug|Any CPU
		Release|Any CPU = Release|Any CPU
	EndGlobalSection
	GlobalSection(ProjectConfigurationPlatforms) = postSolution
		{C1D66A38-DFB8-4560-A256-48A6DA2910AF}.Debug|Any CPU.ActiveCfg = Debug|Any CPU
		{C1D66A38-DFB8-4560-A256-48A6DA2910AF}.Debug|Any CPU.Build.0 = Debug|Any CPU
		{C1D66A38-DFB8-4560-A256-48A6DA2910AF}.Release|Any CPU.ActiveCfg = Release|Any CPU
		{C1D66A38-DFB8-4560-A256-48A6DA2910AF}.Release|Any CPU.Build.0 = Release|Any CPU
		{22EB37B6-5E77-4C46-8CF7-EB4A1A2938E1}.Debug|Any CPU.ActiveCfg = Debug|Any CPU
		{22EB37B6-5E77-4C46-8CF7-EB4A1A2938E1}.Debug|Any CPU.Build.0 = Debug|Any CPU
		{22EB37B6-5E77-4C46-8CF7-EB4A1A2938E1}.Release|Any CPU.ActiveCfg = Release|Any CPU
		{22EB37B6-5E77-4C46-8CF7-EB4A1A2938E1}.Release|Any CPU.Build.0 = Release|Any CPU
		{50F91F26-3978-4A4B-8AED-302D24FF36CF}.Debug|Any CPU.ActiveCfg = Debug|Any CPU
		{50F91F26-3978-4A4B-8AED-302D24FF36CF}.Debug|Any CPU.Build.0 = Debug|Any CPU
		{50F91F26-3978-4A4B-8AED-302D24FF36CF}.Release|Any CPU.ActiveCfg = Release|Any CPU
		{50F91F26-3978-4A4B-8AED-302D24FF36CF}.Release|Any CPU.Build.0 = Release|Any CPU
		{DA156140-89C4-485F-AEEE-846659DA060F}.Debug|Any CPU.ActiveCfg = Debug|Any CPU
		{DA156140-89C4-485F-AEEE-846659DA060F}.Debug|Any CPU.Build.0 = Debug|Any CPU
		{DA156140-89C4-485F-AEEE-846659DA060F}.Release|Any CPU.ActiveCfg = Release|Any CPU
		{DA156140-89C4-485F-AEEE-846659DA060F}.Release|Any CPU.Build.0 = Release|Any CPU
		{F529DB50-2BEE-4081-8520-2A2D881E0451}.Debug|Any CPU.ActiveCfg = Debug|Any CPU
		{F529DB50-2BEE-4081-8520-2A2D881E0451}.Debug|Any CPU.Build.0 = Debug|Any CPU
		{F529DB50-2BEE-4081-8520-2A2D881E0451}.Release|Any CPU.ActiveCfg = Release|Any CPU
		{F529DB50-2BEE-4081-8520-2A2D881E0451}.Release|Any CPU.Build.0 = Release|Any CPU
		{6181E608-D228-40AE-8011-5E74F845CD56}.Debug|Any CPU.ActiveCfg = Debug|Any CPU
		{6181E608-D228-40AE-8011-5E74F845CD56}.Debug|Any CPU.Build.0 = Debug|Any CPU
		{6181E608-D228-40AE-8011-5E74F845CD56}.Release|Any CPU.ActiveCfg = Release|Any CPU
		{6181E608-D228-40AE-8011-5E74F845CD56}.Release|Any CPU.Build.0 = Release|Any CPU
		{B5A22F57-425C-44B3-B953-FB0D575DA254}.Debug|Any CPU.ActiveCfg = Debug|Any CPU
		{B5A22F57-425C-44B3-B953-FB0D575DA254}.Debug|Any CPU.Build.0 = Debug|Any CPU
		{B5A22F57-425C-44B3-B953-FB0D575DA254}.Release|Any CPU.ActiveCfg = Release|Any CPU
		{B5A22F57-425C-44B3-B953-FB0D575DA254}.Release|Any CPU.Build.0 = Release|Any CPU
		{A2B200FD-9C53-4FC6-B16F-4646A98202C5}.Debug|Any CPU.ActiveCfg = Debug|Any CPU
		{A2B200FD-9C53-4FC6-B16F-4646A98202C5}.Debug|Any CPU.Build.0 = Debug|Any CPU
		{A2B200FD-9C53-4FC6-B16F-4646A98202C5}.Release|Any CPU.ActiveCfg = Release|Any CPU
		{A2B200FD-9C53-4FC6-B16F-4646A98202C5}.Release|Any CPU.Build.0 = Release|Any CPU
		{FD885373-1C99-4C3B-9174-1F306DDA1F86}.Debug|Any CPU.ActiveCfg = Debug|Any CPU
		{FD885373-1C99-4C3B-9174-1F306DDA1F86}.Debug|Any CPU.Build.0 = Debug|Any CPU
		{FD885373-1C99-4C3B-9174-1F306DDA1F86}.Release|Any CPU.ActiveCfg = Release|Any CPU
		{FD885373-1C99-4C3B-9174-1F306DDA1F86}.Release|Any CPU.Build.0 = Release|Any CPU
		{D0E6AA80-AE4F-4BD3-ABB8-31D0B8BB0E43}.Debug|Any CPU.ActiveCfg = Debug|Any CPU
		{D0E6AA80-AE4F-4BD3-ABB8-31D0B8BB0E43}.Debug|Any CPU.Build.0 = Debug|Any CPU
		{D0E6AA80-AE4F-4BD3-ABB8-31D0B8BB0E43}.Release|Any CPU.ActiveCfg = Release|Any CPU
		{D0E6AA80-AE4F-4BD3-ABB8-31D0B8BB0E43}.Release|Any CPU.Build.0 = Release|Any CPU
		{F88B9C7D-E59A-4109-873E-C065CF456C28}.Debug|Any CPU.ActiveCfg = Debug|Any CPU
		{F88B9C7D-E59A-4109-873E-C065CF456C28}.Debug|Any CPU.Build.0 = Debug|Any CPU
		{F88B9C7D-E59A-4109-873E-C065CF456C28}.Release|Any CPU.ActiveCfg = Release|Any CPU
		{F88B9C7D-E59A-4109-873E-C065CF456C28}.Release|Any CPU.Build.0 = Release|Any CPU
		{453F77BB-ABD2-409F-AD1F-A98341F27C09}.Debug|Any CPU.ActiveCfg = Debug|Any CPU
		{453F77BB-ABD2-409F-AD1F-A98341F27C09}.Debug|Any CPU.Build.0 = Debug|Any CPU
		{453F77BB-ABD2-409F-AD1F-A98341F27C09}.Release|Any CPU.ActiveCfg = Release|Any CPU
		{453F77BB-ABD2-409F-AD1F-A98341F27C09}.Release|Any CPU.Build.0 = Release|Any CPU
	EndGlobalSection
	GlobalSection(SolutionProperties) = preSolution
		HideSolutionNode = FALSE
	EndGlobalSection
	GlobalSection(NestedProjects) = preSolution
		{C1D66A38-DFB8-4560-A256-48A6DA2910AF} = {3B0233E2-B2CF-4013-BD2B-9272EC044000}
		{22EB37B6-5E77-4C46-8CF7-EB4A1A2938E1} = {9B48A0C3-2383-4546-99AF-63A05DFA381C}
		{50F91F26-3978-4A4B-8AED-302D24FF36CF} = {3B0233E2-B2CF-4013-BD2B-9272EC044000}
		{DA156140-89C4-485F-AEEE-846659DA060F} = {3B0233E2-B2CF-4013-BD2B-9272EC044000}
		{F529DB50-2BEE-4081-8520-2A2D881E0451} = {9B48A0C3-2383-4546-99AF-63A05DFA381C}
		{6181E608-D228-40AE-8011-5E74F845CD56} = {3B0233E2-B2CF-4013-BD2B-9272EC044000}
		{B5A22F57-425C-44B3-B953-FB0D575DA254} = {3B0233E2-B2CF-4013-BD2B-9272EC044000}
		{A2B200FD-9C53-4FC6-B16F-4646A98202C5} = {3B0233E2-B2CF-4013-BD2B-9272EC044000}
		{FD885373-1C99-4C3B-9174-1F306DDA1F86} = {9B48A0C3-2383-4546-99AF-63A05DFA381C}
		{D0E6AA80-AE4F-4BD3-ABB8-31D0B8BB0E43} = {3B0233E2-B2CF-4013-BD2B-9272EC044000}
		{F88B9C7D-E59A-4109-873E-C065CF456C28} = {3B0233E2-B2CF-4013-BD2B-9272EC044000}
		{453F77BB-ABD2-409F-AD1F-A98341F27C09} = {3B0233E2-B2CF-4013-BD2B-9272EC044000}
	EndGlobalSection
EndGlobal
